<?xml version="1.0" encoding="utf-8"?>
<Project ToolsVersion="4.0" xmlns="http://schemas.microsoft.com/developer/msbuild/2003">
  <ItemGroup>
    <Filter Include="Game">
      <UniqueIdentifier>{f56529da-2573-4330-9a15-6ecff890c95b}</UniqueIdentifier>
    </Filter>
    <Filter Include="Game\Actors">
      <UniqueIdentifier>{74e289b4-d831-4941-b7b3-dfe6994ac235}</UniqueIdentifier>
    </Filter>
    <Filter Include="Game\Actors\Options">
      <UniqueIdentifier>{d0ef0c88-cb0b-4923-befb-06e363ff602e}</UniqueIdentifier>
    </Filter>
    <Filter Include="Game\Actors\Forest">
      <UniqueIdentifier>{535ef8ff-cd5e-4ec9-982c-5683ea3885b8}</UniqueIdentifier>
    </Filter>
    <Filter Include="Game\Actors\Forest\Monster">
      <UniqueIdentifier>{6579d9c2-b1c3-4f59-b671-5617eb71287d}</UniqueIdentifier>
    </Filter>
    <Filter Include="Game\Actors\Forest\Border">
      <UniqueIdentifier>{026c41db-cc9c-4c33-8e1b-f03fc9d8a3b3}</UniqueIdentifier>
    </Filter>
    <Filter Include="Game\Actors\Forest\Terrain">
      <UniqueIdentifier>{fe09dd4f-7005-4197-a541-8a3d83efed38}</UniqueIdentifier>
    </Filter>
    <Filter Include="Game\Actors\Forest\Terrain\Trees">
      <UniqueIdentifier>{5c16000c-95a9-49d8-8a9b-216a885c89ee}</UniqueIdentifier>
    </Filter>
    <Filter Include="Game\Actors\Forest\Key">
      <UniqueIdentifier>{24ff7f46-0a8d-4898-a405-070c0759b3c4}</UniqueIdentifier>
    </Filter>
    <Filter Include="Game\Stages">
      <UniqueIdentifier>{888eb6c0-715b-44b0-a825-0347dbd469bc}</UniqueIdentifier>
    </Filter>
    <Filter Include="Game\Stages\over">
      <UniqueIdentifier>{d9d88d61-53d5-437f-87a9-e95e72ec2cc6}</UniqueIdentifier>
    </Filter>
    <Filter Include="Game\Stages\options">
      <UniqueIdentifier>{aaabce69-ff13-47e8-87e3-7137cb8220f8}</UniqueIdentifier>
    </Filter>
    <Filter Include="Game\Stages\indoors">
      <UniqueIdentifier>{75b2ee07-4ef8-4ab6-821b-5196ddaf3d19}</UniqueIdentifier>
    </Filter>
    <Filter Include="Game\Stages\forest">
      <UniqueIdentifier>{9eeeba42-0ea7-4766-ae3e-f2db49bba20c}</UniqueIdentifier>
    </Filter>
    <Filter Include="Engine">
      <UniqueIdentifier>{f1668d7a-4f93-4e4c-80af-5e4865d4515c}</UniqueIdentifier>
    </Filter>
    <Filter Include="Game\Actors\Forest\House">
      <UniqueIdentifier>{600335a3-6ebc-4e75-add3-7740e933f2b7}</UniqueIdentifier>
    </Filter>
    <Filter Include="Game\Actors\Forest\Gate">
      <UniqueIdentifier>{654f67bd-ab3e-43a5-862b-e96038a7b07e}</UniqueIdentifier>
    </Filter>
    <Filter Include="Game\Actors\Indoors">
      <UniqueIdentifier>{8416be07-5ec0-43b0-81e1-9eb2c01cfd12}</UniqueIdentifier>
    </Filter>
    <Filter Include="Game\Actors\Indoors\Torch">
      <UniqueIdentifier>{4e7f24d9-843a-4383-9fe7-4d44186d9351}</UniqueIdentifier>
    </Filter>
    <Filter Include="Game\Actors\Indoors\Rocks">
      <UniqueIdentifier>{27d18af4-4d15-4b9b-b1d9-1ac154ff4946}</UniqueIdentifier>
    </Filter>
    <Filter Include="Game\Actors\Indoors\Key">
      <UniqueIdentifier>{1e2bd827-b88b-456f-9324-686dcb6c1c29}</UniqueIdentifier>
    </Filter>
    <Filter Include="Game\Actors\Player">
      <UniqueIdentifier>{28f60227-32be-493b-a0f5-4498543d1edd}</UniqueIdentifier>
    </Filter>
    <Filter Include="Game\Actors\Menu">
      <UniqueIdentifier>{de8110a2-3b5d-4d09-a65c-2713b606a8ef}</UniqueIdentifier>
    </Filter>
    <Filter Include="Game\Actors\Menu\Buttons">
      <UniqueIdentifier>{824c3ca6-38a6-4b9a-bb59-1226bea33cbf}</UniqueIdentifier>
    </Filter>
    <Filter Include="Game\Actors\Menu\Background">
      <UniqueIdentifier>{8ce85aa6-bd7e-4d20-8034-43a8ccb25e0b}</UniqueIdentifier>
    </Filter>
    <Filter Include="Game\Actors\Menu\Headers">
      <UniqueIdentifier>{b310ff51-1412-4e23-adfe-3773f056532f}</UniqueIdentifier>
    </Filter>
    <Filter Include="Game\Actors\Options\OptionsField">
      <UniqueIdentifier>{6282ef59-120e-4673-aab3-f57dc3f9b5be}</UniqueIdentifier>
    </Filter>
    <Filter Include="Game\Actors\Options\OptionsFieldElement">
      <UniqueIdentifier>{fed7c056-2936-40b9-b00d-4ac27128a1ee}</UniqueIdentifier>
    </Filter>
    <Filter Include="Game\Actors\Options\OptionsFieldElement\Graphics">
      <UniqueIdentifier>{e2c7d750-888b-4c83-b3c3-5c81d5e98600}</UniqueIdentifier>
    </Filter>
    <Filter Include="Game\Actors\Options\OptionsFieldElement\Volume">
      <UniqueIdentifier>{0740667c-d3a5-4b86-84bf-95288f2bd075}</UniqueIdentifier>
    </Filter>
    <Filter Include="Game\Actors\Options\OptionsFieldElement\WindowSize">
      <UniqueIdentifier>{5528d9c4-95ec-4266-a6cb-d0767eab7333}</UniqueIdentifier>
    </Filter>
    <Filter Include="Game\Actors\Options\OptionsFieldElement\WindowType">
      <UniqueIdentifier>{7b06b0d2-c9c8-49b9-abd2-4ac49d25b70f}</UniqueIdentifier>
    </Filter>
    <Filter Include="Game\Stages\intro">
      <UniqueIdentifier>{8a6ac863-35bf-4452-bbd7-8c3950b2905a}</UniqueIdentifier>
    </Filter>
    <Filter Include="Game\Actors\Forest\Monster\Brain">
      <UniqueIdentifier>{6f989891-eebe-4b6b-9800-11b495df655a}</UniqueIdentifier>
    </Filter>
    <Filter Include="Game\Actors\Indoors\Hints">
      <UniqueIdentifier>{91775e01-d8aa-46e1-8d5a-833c8d0810dd}</UniqueIdentifier>
    </Filter>
    <Filter Include="Game\Actors\Forest\Pickups">
      <UniqueIdentifier>{d9fb9592-a3a9-4652-9bd0-bff7a4abd857}</UniqueIdentifier>
    </Filter>
    <Filter Include="Engine\Core">
      <UniqueIdentifier>{93995380-89BD-4b04-88EB-625FBE52EBFB}</UniqueIdentifier>
      <Extensions>h;hh;hpp;hxx;hm;inl;inc;xsd</Extensions>
    </Filter>
    <Filter Include="Engine\Api">
      <UniqueIdentifier>{f19f6e15-6149-4bce-a14b-97364abaf8d2}</UniqueIdentifier>
    </Filter>
    <Filter Include="Engine\Api\Exception">
      <UniqueIdentifier>{b8e1fedc-d3b9-4d7a-9544-419486ca8875}</UniqueIdentifier>
    </Filter>
    <Filter Include="Engine\Api\Scenes">
      <UniqueIdentifier>{ba29ef49-bff1-4528-b3f0-9990eaa77d40}</UniqueIdentifier>
    </Filter>
    <Filter Include="Engine\Api\System">
      <UniqueIdentifier>{0ee160c4-4951-4570-8890-c4881349954b}</UniqueIdentifier>
    </Filter>
    <Filter Include="Game\Stages\menu">
      <UniqueIdentifier>{24bedf0a-b846-4414-976b-cd18a5f12c14}</UniqueIdentifier>
    </Filter>
    <Filter Include="Engine\Core\AI">
      <UniqueIdentifier>{771cd563-95ac-4aaf-894d-70667f9087df}</UniqueIdentifier>
    </Filter>
    <Filter Include="Engine\Core\AI\A%2a Exception">
      <UniqueIdentifier>{eaa5696f-285d-4ee9-acee-b94e38a262d1}</UniqueIdentifier>
    </Filter>
    <Filter Include="Engine\Core\AI\A%2a Map">
      <UniqueIdentifier>{5425612a-116a-4252-adcb-9ca3c8397e7a}</UniqueIdentifier>
    </Filter>
    <Filter Include="Engine\Core\AI\A%2a Node">
      <UniqueIdentifier>{967d97ef-2212-4aee-8d5f-42346aea5522}</UniqueIdentifier>
    </Filter>
    <Filter Include="Engine\Core\Devices">
      <UniqueIdentifier>{16207cbe-2262-43b2-abaf-d98ee86b6d8d}</UniqueIdentifier>
    </Filter>
    <Filter Include="Engine\Core\Devices\Gamepad">
      <UniqueIdentifier>{f240e4ca-3cdc-4951-a520-4284caa518f4}</UniqueIdentifier>
    </Filter>
    <Filter Include="Engine\Core\Devices\Keyboard">
      <UniqueIdentifier>{2942b058-cde2-48b7-8168-293d90a29c20}</UniqueIdentifier>
    </Filter>
    <Filter Include="Engine\Core\Devices\Mouse">
      <UniqueIdentifier>{cd8acfdb-b83e-4b5e-bbaa-d04a1ef92060}</UniqueIdentifier>
    </Filter>
    <Filter Include="Engine\Core\Graphics">
      <UniqueIdentifier>{f7087c8e-3a48-45c5-85a4-e64c9ae7e925}</UniqueIdentifier>
    </Filter>
    <Filter Include="Engine\Core\Graphics\High Level">
      <UniqueIdentifier>{1a071de2-84d1-457c-816b-53d6a6dec933}</UniqueIdentifier>
    </Filter>
    <Filter Include="Engine\Core\Graphics\High Level\Actors">
      <UniqueIdentifier>{7e38c86b-421d-42fb-afc7-20fb7a287ce5}</UniqueIdentifier>
    </Filter>
    <Filter Include="Engine\Core\Graphics\High Level\Actors\Cube">
      <UniqueIdentifier>{20f5c703-f9bd-425a-8c63-6d5d0912ec49}</UniqueIdentifier>
    </Filter>
    <Filter Include="Engine\Core\Graphics\High Level\Actors\Heightmap">
      <UniqueIdentifier>{225e02f9-e22b-4e87-b404-dec18b2b5579}</UniqueIdentifier>
    </Filter>
    <Filter Include="Engine\Core\Graphics\High Level\Actors\Skybox">
      <UniqueIdentifier>{c866e851-d5c5-4551-a78d-4629f419658c}</UniqueIdentifier>
    </Filter>
    <Filter Include="Engine\Core\Graphics\High Level\Actors\Text">
      <UniqueIdentifier>{e207d2a5-357a-4dc5-aadb-94223f41d5d0}</UniqueIdentifier>
    </Filter>
    <Filter Include="Engine\Core\Graphics\High Level\Actors\Texture">
      <UniqueIdentifier>{7ac150a3-8b5c-4613-92e4-a42480e72f92}</UniqueIdentifier>
    </Filter>
    <Filter Include="Engine\Core\Graphics\High Level\Actors\Button">
      <UniqueIdentifier>{e2d9801f-1525-4b88-b0fa-5bffdacfed67}</UniqueIdentifier>
    </Filter>
    <Filter Include="Engine\Core\Graphics\High Level\Actors\Model">
      <UniqueIdentifier>{c06af372-60c9-43d7-b9c3-6f7b7794996a}</UniqueIdentifier>
    </Filter>
    <Filter Include="Engine\Core\Graphics\High Level\Actors\MD2">
      <UniqueIdentifier>{89a76b14-6d92-4de0-98b2-188f6228970e}</UniqueIdentifier>
    </Filter>
    <Filter Include="Engine\Core\Graphics\High Level\Actors\ModelSet">
      <UniqueIdentifier>{cf63d416-b5f6-47dc-ac3a-2006982d894e}</UniqueIdentifier>
    </Filter>
    <Filter Include="Engine\Core\Graphics\High Level\Shaders">
      <UniqueIdentifier>{6bbb5f83-2cee-4865-b104-665749301ee6}</UniqueIdentifier>
    </Filter>
    <Filter Include="Engine\Core\Graphics\High Level\Shaders\PerFragmentShader">
      <UniqueIdentifier>{eacd7a05-378f-4ac4-962a-544458136cb4}</UniqueIdentifier>
    </Filter>
    <Filter Include="Engine\Core\Graphics\High Level\Shaders\DeferredOutputShader">
      <UniqueIdentifier>{f8dbaf21-a48a-4d03-ad82-b9f1991eb3f4}</UniqueIdentifier>
    </Filter>
    <Filter Include="Engine\Core\Graphics\High Level\Shaders\DeferredInputShader">
      <UniqueIdentifier>{fdadf3ff-d9ed-4054-aaab-952528282914}</UniqueIdentifier>
    </Filter>
    <Filter Include="Engine\Core\Graphics\High Level\Shaders\OrthographicShader">
      <UniqueIdentifier>{9dbb5ef4-ed88-432a-a379-faa03e75df27}</UniqueIdentifier>
    </Filter>
    <Filter Include="Engine\Core\Graphics\High Level\Camera">
      <UniqueIdentifier>{25482b89-a6ff-481f-8fd3-8802266ab0ab}</UniqueIdentifier>
    </Filter>
    <Filter Include="Engine\Core\Graphics\High Level\Camera\First Person">
      <UniqueIdentifier>{2d5dd132-c793-4339-bf2c-110abc79c497}</UniqueIdentifier>
    </Filter>
    <Filter Include="Engine\Core\Graphics\High Level\Camera\Deafult Camera">
      <UniqueIdentifier>{07ddce75-337c-45bb-be61-3ee7f1003407}</UniqueIdentifier>
    </Filter>
    <Filter Include="Engine\Core\Graphics\High Level\Renderers">
      <UniqueIdentifier>{10ae2b98-b3ab-43fc-86ee-9b3c5894deb2}</UniqueIdentifier>
    </Filter>
    <Filter Include="Engine\Core\Graphics\High Level\Renderers\Deferred">
      <UniqueIdentifier>{0e378877-b2dc-4c77-b4e3-b0aadafe0d75}</UniqueIdentifier>
    </Filter>
    <Filter Include="Engine\Core\Graphics\High Level\Renderers\Ortho">
      <UniqueIdentifier>{17f58b75-1493-4481-8477-39fcb9a04b94}</UniqueIdentifier>
    </Filter>
    <Filter Include="Engine\Core\Graphics\High Level\Renderers\Forward">
      <UniqueIdentifier>{2bfc93f4-357c-4d3f-a030-1987b814745d}</UniqueIdentifier>
    </Filter>
    <Filter Include="Engine\Core\Graphics\High Level\Lights">
      <UniqueIdentifier>{5ca5d692-39a5-4f8d-907f-ad1a0d7d7ae3}</UniqueIdentifier>
    </Filter>
    <Filter Include="Engine\Core\Graphics\High Level\Lights\Directional">
      <UniqueIdentifier>{389f5b9e-0439-4535-ab7c-61cfce7d3849}</UniqueIdentifier>
    </Filter>
    <Filter Include="Engine\Core\Graphics\High Level\Lights\Point">
      <UniqueIdentifier>{e9a05788-daa8-4ba5-b2ca-5288acdbfa80}</UniqueIdentifier>
    </Filter>
    <Filter Include="Engine\Core\Graphics\High Level\Lights\Spot">
      <UniqueIdentifier>{6b208c1d-1323-480e-9102-7ae636c948c6}</UniqueIdentifier>
    </Filter>
    <Filter Include="Engine\Core\Graphics\Low Level">
      <UniqueIdentifier>{22ad2322-63fe-4905-bcb2-458377e637af}</UniqueIdentifier>
    </Filter>
    <Filter Include="Engine\Core\Graphics\Low Level\Sampler">
      <UniqueIdentifier>{960b3f96-e7a9-4fa8-9f58-5f156cb4ff5c}</UniqueIdentifier>
    </Filter>
    <Filter Include="Engine\Core\Graphics\Low Level\Program">
      <UniqueIdentifier>{04f5f7b0-80ce-4952-8845-0f120fcee91f}</UniqueIdentifier>
    </Filter>
    <Filter Include="Engine\Core\Graphics\Low Level\Transfer">
      <UniqueIdentifier>{502a0a3f-1e84-4731-88ab-3d20a995ab7b}</UniqueIdentifier>
    </Filter>
    <Filter Include="Engine\Core\Graphics\Low Level\Geometry Buffer">
      <UniqueIdentifier>{f21c217c-b422-4c28-ba94-73dcb47d8734}</UniqueIdentifier>
    </Filter>
    <Filter Include="Engine\Core\Graphics\Low Level\Matrices">
      <UniqueIdentifier>{d085f5f9-cf42-4a56-8728-656aa58882f6}</UniqueIdentifier>
    </Filter>
    <Filter Include="Engine\Core\Loading">
      <UniqueIdentifier>{ac10d369-4b32-4ee1-9bdc-f3e731ae4950}</UniqueIdentifier>
    </Filter>
    <Filter Include="Engine\Core\Loading\Asset">
      <UniqueIdentifier>{8ecb01a5-a651-4b1c-8b54-ea3b1301302f}</UniqueIdentifier>
    </Filter>
    <Filter Include="Engine\Core\Loading\Asset\Texture">
      <UniqueIdentifier>{6fc5a37a-52e4-4472-86b3-15d788876f4b}</UniqueIdentifier>
    </Filter>
    <Filter Include="Engine\Core\Loading\Asset\Font">
      <UniqueIdentifier>{dba142f7-b67b-4edf-b0b6-dfd4f09ff7a6}</UniqueIdentifier>
    </Filter>
    <Filter Include="Engine\Core\Loading\Asset\Model">
      <UniqueIdentifier>{9e780186-6574-4043-b106-5ecf2211b65e}</UniqueIdentifier>
    </Filter>
    <Filter Include="Engine\Core\Loading\Asset\Audio">
      <UniqueIdentifier>{6ce773cb-a95f-4c62-9d01-b8b446346623}</UniqueIdentifier>
    </Filter>
    <Filter Include="Engine\Core\Loading\Local">
      <UniqueIdentifier>{caa8b51d-5703-40e9-beaa-ed035eb6ed58}</UniqueIdentifier>
    </Filter>
    <Filter Include="Engine\Core\Media">
      <UniqueIdentifier>{34cb026b-7d5b-4986-a211-db6ab489d69c}</UniqueIdentifier>
    </Filter>
    <Filter Include="Engine\Core\Media\Music">
      <UniqueIdentifier>{ff71c9d1-c4a8-434d-8440-7125c0fffff6}</UniqueIdentifier>
    </Filter>
    <Filter Include="Engine\Core\Media\Video">
      <UniqueIdentifier>{9bc94241-962b-4218-bf7e-3d7e83ced374}</UniqueIdentifier>
    </Filter>
    <Filter Include="Engine\Core\OS">
      <UniqueIdentifier>{a0e73647-4917-48b3-a986-7bc692c8128d}</UniqueIdentifier>
    </Filter>
    <Filter Include="Engine\Core\OS\Window">
      <UniqueIdentifier>{66c82cc0-7e4f-48ec-8fab-4fd18d019079}</UniqueIdentifier>
    </Filter>
    <Filter Include="Engine\Core\OS\Timer">
      <UniqueIdentifier>{66587494-36d9-4de0-86a3-92974824bf9e}</UniqueIdentifier>
    </Filter>
    <Filter Include="Engine\Core\Physics">
      <UniqueIdentifier>{e9061308-246e-4104-8abd-adc54adb99c4}</UniqueIdentifier>
    </Filter>
    <Filter Include="Engine\Core\Physics\SolidBox">
      <UniqueIdentifier>{7c9dff62-40f9-4e87-8170-5bbdb4da7f5d}</UniqueIdentifier>
    </Filter>
    <Filter Include="Engine\Core\Physics\SolidCylinder">
      <UniqueIdentifier>{6234faab-63cf-4201-952c-a1866df6065b}</UniqueIdentifier>
    </Filter>
  </ItemGroup>
  <ItemGroup>
    <ClCompile Include="System.cpp">
      <Filter>Engine\Api\System</Filter>
    </ClCompile>
    <ClCompile Include="Exception.cpp">
      <Filter>Engine\Api\Exception</Filter>
    </ClCompile>
    <ClCompile Include="SceneManager.cpp">
      <Filter>Engine\Api\Scenes</Filter>
    </ClCompile>
    <ClCompile Include="menu.cpp">
      <Filter>Game\Stages\menu</Filter>
    </ClCompile>
    <ClCompile Include="Gameover.cpp">
      <Filter>Game\Stages\over</Filter>
    </ClCompile>
    <ClCompile Include="options.cpp">
      <Filter>Game\Stages\options</Filter>
    </ClCompile>
    <ClCompile Include="OptionsGraphics.cpp">
      <Filter>Game\Actors\Options\OptionsFieldElement\Graphics</Filter>
    </ClCompile>
    <ClCompile Include="OptionsVolume.cpp">
      <Filter>Game\Actors\Options\OptionsFieldElement\Volume</Filter>
    </ClCompile>
    <ClCompile Include="OptionsWindowSize.cpp">
      <Filter>Game\Actors\Options\OptionsFieldElement\WindowSize</Filter>
    </ClCompile>
    <ClCompile Include="OptionsWindowType.cpp">
      <Filter>Game\Actors\Options\OptionsFieldElement\WindowType</Filter>
    </ClCompile>
    <ClCompile Include="Indoors.cpp">
      <Filter>Game\Stages\indoors</Filter>
    </ClCompile>
    <ClCompile Include="forest.cpp">
      <Filter>Game\Stages\forest</Filter>
    </ClCompile>
    <ClCompile Include="Border.cpp">
      <Filter>Game\Actors\Forest\Border</Filter>
    </ClCompile>
    <ClCompile Include="Terrain.cpp">
      <Filter>Game\Actors\Forest\Terrain</Filter>
    </ClCompile>
    <ClCompile Include="Trees.cpp">
      <Filter>Game\Actors\Forest\Terrain\Trees</Filter>
    </ClCompile>
    <ClCompile Include="Monster.cpp">
      <Filter>Game\Actors\Forest\Monster</Filter>
    </ClCompile>
    <ClCompile Include="Key.cpp">
      <Filter>Game\Actors\Forest\Key</Filter>
    </ClCompile>
    <ClCompile Include="ApplicationLayer.cpp">
      <Filter>Game</Filter>
    </ClCompile>
    <ClCompile Include="House.cpp">
      <Filter>Game\Actors\Forest\House</Filter>
    </ClCompile>
    <ClCompile Include="Gate.cpp">
      <Filter>Game\Actors\Forest\Gate</Filter>
    </ClCompile>
    <ClCompile Include="Player.cpp">
      <Filter>Game\Actors\Player</Filter>
    </ClCompile>
    <ClCompile Include="Background.cpp">
      <Filter>Game\Actors\Menu\Background</Filter>
    </ClCompile>
    <ClCompile Include="Headers.cpp">
      <Filter>Game\Actors\Menu\Headers</Filter>
    </ClCompile>
    <ClCompile Include="Buttons.cpp">
      <Filter>Game\Actors\Menu\Buttons</Filter>
    </ClCompile>
    <ClCompile Include="OptionsField.cpp">
      <Filter>Game\Actors\Options\OptionsField</Filter>
    </ClCompile>
    <ClCompile Include="intro.cpp">
      <Filter>Game\Stages\intro</Filter>
    </ClCompile>
    <ClCompile Include="Intelligence.cpp">
      <Filter>Game\Actors\Forest\Monster\Brain</Filter>
    </ClCompile>
    <ClCompile Include="Hints.cpp">
      <Filter>Game\Actors\Indoors\Hints</Filter>
    </ClCompile>
    <ClCompile Include="Pickups.cpp">
      <Filter>Game\Actors\Forest\Pickups</Filter>
    </ClCompile>
    <ClCompile Include="aStarException.cpp">
      <Filter>Engine\Core\AI\A%2a Exception</Filter>
    </ClCompile>
    <ClCompile Include="aStarMap.cpp">
      <Filter>Engine\Core\AI\A%2a Map</Filter>
    </ClCompile>
    <ClCompile Include="aStarNode.cpp">
      <Filter>Engine\Core\AI\A%2a Node</Filter>
    </ClCompile>
    <ClCompile Include="Gamepad.cpp">
      <Filter>Engine\Core\Devices\Gamepad</Filter>
    </ClCompile>
    <ClCompile Include="Keyboard.cpp">
      <Filter>Engine\Core\Devices\Keyboard</Filter>
    </ClCompile>
    <ClCompile Include="Mouse.cpp">
      <Filter>Engine\Core\Devices\Mouse</Filter>
    </ClCompile>
    <ClCompile Include="Cube.cpp">
      <Filter>Engine\Core\Graphics\High Level\Actors\Cube</Filter>
    </ClCompile>
    <ClCompile Include="Heightmap.cpp">
      <Filter>Engine\Core\Graphics\High Level\Actors\Heightmap</Filter>
    </ClCompile>
    <ClCompile Include="Skybox.cpp">
      <Filter>Engine\Core\Graphics\High Level\Actors\Skybox</Filter>
    </ClCompile>
    <ClCompile Include="Text2D.cpp">
      <Filter>Engine\Core\Graphics\High Level\Actors\Text</Filter>
    </ClCompile>
    <ClCompile Include="Texture2D.cpp">
      <Filter>Engine\Core\Graphics\High Level\Actors\Texture</Filter>
    </ClCompile>
    <ClCompile Include="Button2D.cpp">
      <Filter>Engine\Core\Graphics\High Level\Actors\Button</Filter>
    </ClCompile>
    <ClCompile Include="Model.cpp">
      <Filter>Engine\Core\Graphics\High Level\Actors\Model</Filter>
    </ClCompile>
    <ClCompile Include="md2Model.cpp">
      <Filter>Engine\Core\Graphics\High Level\Actors\MD2</Filter>
    </ClCompile>
    <ClCompile Include="ModelSet.cpp">
      <Filter>Engine\Core\Graphics\High Level\Actors\ModelSet</Filter>
    </ClCompile>
    <ClCompile Include="PerFragmentShader.cpp">
      <Filter>Engine\Core\Graphics\High Level\Shaders\PerFragmentShader</Filter>
    </ClCompile>
    <ClCompile Include="DeferredOutputShader.cpp">
      <Filter>Engine\Core\Graphics\High Level\Shaders\DeferredOutputShader</Filter>
    </ClCompile>
    <ClCompile Include="DeferredInputShader.cpp">
      <Filter>Engine\Core\Graphics\High Level\Shaders\DeferredInputShader</Filter>
    </ClCompile>
    <ClCompile Include="OrthoShader.cpp">
      <Filter>Engine\Core\Graphics\High Level\Shaders\OrthographicShader</Filter>
    </ClCompile>
    <ClCompile Include="FirstPersonCamera.cpp">
      <Filter>Engine\Core\Graphics\High Level\Camera\First Person</Filter>
    </ClCompile>
    <ClCompile Include="DefaultCamera.cpp">
      <Filter>Engine\Core\Graphics\High Level\Camera\Deafult Camera</Filter>
    </ClCompile>
    <ClCompile Include="DeferredRenderer.cpp">
      <Filter>Engine\Core\Graphics\High Level\Renderers\Deferred</Filter>
    </ClCompile>
    <ClCompile Include="Renderer2D.cpp">
      <Filter>Engine\Core\Graphics\High Level\Renderers\Ortho</Filter>
    </ClCompile>
    <ClCompile Include="ForwardRenderer.cpp">
      <Filter>Engine\Core\Graphics\High Level\Renderers\Forward</Filter>
    </ClCompile>
    <ClCompile Include="Lights.cpp">
      <Filter>Engine\Core\Graphics\High Level\Lights</Filter>
    </ClCompile>
    <ClCompile Include="DirectionalLight.cpp">
      <Filter>Engine\Core\Graphics\High Level\Lights\Directional</Filter>
    </ClCompile>
    <ClCompile Include="PointLight.cpp">
      <Filter>Engine\Core\Graphics\High Level\Lights\Point</Filter>
    </ClCompile>
    <ClCompile Include="SpotLight.cpp">
      <Filter>Engine\Core\Graphics\High Level\Lights\Spot</Filter>
    </ClCompile>
    <ClCompile Include="GPU.cpp">
      <Filter>Engine\Core\Graphics\Low Level</Filter>
    </ClCompile>
    <ClCompile Include="GPU_Sampler.cpp">
      <Filter>Engine\Core\Graphics\Low Level\Sampler</Filter>
    </ClCompile>
    <ClCompile Include="GPU_Program.cpp">
      <Filter>Engine\Core\Graphics\Low Level\Program</Filter>
    </ClCompile>
    <ClCompile Include="GPU_Transfer.cpp">
      <Filter>Engine\Core\Graphics\Low Level\Transfer</Filter>
    </ClCompile>
    <ClCompile Include="GeometryBuffer.cpp">
      <Filter>Engine\Core\Graphics\Low Level\Geometry Buffer</Filter>
    </ClCompile>
    <ClCompile Include="GPU_Matrices.cpp">
      <Filter>Engine\Core\Graphics\Low Level\Matrices</Filter>
    </ClCompile>
    <ClCompile Include="AssetManager.cpp">
      <Filter>Engine\Core\Loading</Filter>
    </ClCompile>
    <ClCompile Include="TextureAsset.cpp">
      <Filter>Engine\Core\Loading\Asset\Texture</Filter>
    </ClCompile>
    <ClCompile Include="FontAsset.cpp">
      <Filter>Engine\Core\Loading\Asset\Font</Filter>
    </ClCompile>
    <ClCompile Include="ModelFile.cpp">
      <Filter>Engine\Core\Loading\Asset\Model</Filter>
    </ClCompile>
    <ClCompile Include="AudioFile.cpp">
      <Filter>Engine\Core\Loading\Asset\Audio</Filter>
    </ClCompile>
    <ClCompile Include="LocalAssetManager.cpp">
      <Filter>Engine\Core\Loading\Local</Filter>
    </ClCompile>
    <ClCompile Include="Music.cpp">
      <Filter>Engine\Core\Media\Music</Filter>
    </ClCompile>
    <ClCompile Include="Video.cpp">
      <Filter>Engine\Core\Media\Video</Filter>
    </ClCompile>
    <ClCompile Include="Window.cpp">
      <Filter>Engine\Core\OS\Window</Filter>
    </ClCompile>
    <ClCompile Include="HighPrecisionTimer.cpp">
      <Filter>Engine\Core\OS\Timer</Filter>
    </ClCompile>
    <ClCompile Include="World.cpp">
      <Filter>Engine\Core\Physics</Filter>
    </ClCompile>
    <ClCompile Include="SolidBox.cpp">
      <Filter>Engine\Core\Physics\SolidBox</Filter>
    </ClCompile>
    <ClCompile Include="SolidCylinder.cpp">
      <Filter>Engine\Core\Physics\SolidCylinder</Filter>
    </ClCompile>
  </ItemGroup>
  <ItemGroup>
    <ClInclude Include="System.h">
      <Filter>Engine\Api\System</Filter>
    </ClInclude>
    <ClInclude Include="Exception.h">
      <Filter>Engine\Api\Exception</Filter>
    </ClInclude>
    <ClInclude Include="SceneManager.h">
      <Filter>Engine\Api\Scenes</Filter>
    </ClInclude>
    <ClInclude Include="menu.h">
      <Filter>Game\Stages\menu</Filter>
    </ClInclude>
    <ClInclude Include="Gameover.h">
      <Filter>Game\Stages\over</Filter>
    </ClInclude>
    <ClInclude Include="InteractionLayer.h">
      <Filter>Engine\Api</Filter>
    </ClInclude>
    <ClInclude Include="options.h">
      <Filter>Game\Stages\options</Filter>
    </ClInclude>
    <ClInclude Include="OptionsGraphics.h">
      <Filter>Game\Actors\Options\OptionsFieldElement\Graphics</Filter>
    </ClInclude>
    <ClInclude Include="OptionsVolume.h">
      <Filter>Game\Actors\Options\OptionsFieldElement\Volume</Filter>
    </ClInclude>
    <ClInclude Include="OptionsWindowSize.h">
      <Filter>Game\Actors\Options\OptionsFieldElement\WindowSize</Filter>
    </ClInclude>
    <ClInclude Include="OptionsWindowType.h">
      <Filter>Game\Actors\Options\OptionsFieldElement\WindowType</Filter>
    </ClInclude>
    <ClInclude Include="Actors.h">
      <Filter>Game\Actors</Filter>
    </ClInclude>
    <ClInclude Include="Indoors.h">
      <Filter>Game\Stages\indoors</Filter>
    </ClInclude>
    <ClInclude Include="Border.h">
      <Filter>Game\Actors\Forest\Border</Filter>
    </ClInclude>
    <ClInclude Include="Terrain.h">
      <Filter>Game\Actors\Forest\Terrain</Filter>
    </ClInclude>
    <ClInclude Include="Trees.h">
      <Filter>Game\Actors\Forest\Terrain\Trees</Filter>
    </ClInclude>
    <ClInclude Include="Monster.h">
      <Filter>Game\Actors\Forest\Monster</Filter>
    </ClInclude>
    <ClInclude Include="Key.h">
      <Filter>Game\Actors\Forest\Key</Filter>
    </ClInclude>
    <ClInclude Include="ApplicationLayer.h">
      <Filter>Game</Filter>
    </ClInclude>
    <ClInclude Include="House.h">
      <Filter>Game\Actors\Forest\House</Filter>
    </ClInclude>
    <ClInclude Include="forest.h">
      <Filter>Game\Stages\forest</Filter>
    </ClInclude>
    <ClInclude Include="Gate.h">
      <Filter>Game\Actors\Forest\Gate</Filter>
    </ClInclude>
    <ClInclude Include="Player.h">
      <Filter>Game\Actors\Player</Filter>
    </ClInclude>
    <ClInclude Include="Background.h">
      <Filter>Game\Actors\Menu\Background</Filter>
    </ClInclude>
    <ClInclude Include="Headers.h">
      <Filter>Game\Actors\Menu\Headers</Filter>
    </ClInclude>
    <ClInclude Include="Buttons.h">
      <Filter>Game\Actors\Menu\Buttons</Filter>
    </ClInclude>
    <ClInclude Include="OptionsField.h">
      <Filter>Game\Actors\Options\OptionsField</Filter>
    </ClInclude>
    <ClInclude Include="intro.h">
      <Filter>Game\Stages\intro</Filter>
    </ClInclude>
    <ClInclude Include="Intelligence.h">
      <Filter>Game\Actors\Forest\Monster\Brain</Filter>
    </ClInclude>
    <ClInclude Include="Hints.h">
      <Filter>Game\Actors\Indoors\Hints</Filter>
    </ClInclude>
    <ClInclude Include="Pickups.h">
      <Filter>Game\Actors\Forest\Pickups</Filter>
    </ClInclude>
    <ClInclude Include="resource.h" />
    <ClInclude Include="Ai.h">
      <Filter>Engine\Core\AI</Filter>
    </ClInclude>
    <ClInclude Include="aStarException.h">
      <Filter>Engine\Core\AI\A%2a Exception</Filter>
    </ClInclude>
    <ClInclude Include="aStarMap.h">
      <Filter>Engine\Core\AI\A%2a Map</Filter>
    </ClInclude>
    <ClInclude Include="aStarNode.h">
      <Filter>Engine\Core\AI\A%2a Node</Filter>
    </ClInclude>
    <ClInclude Include="Gamepad.h">
      <Filter>Engine\Core\Devices\Gamepad</Filter>
    </ClInclude>
    <ClInclude Include="Keyboard.h">
      <Filter>Engine\Core\Devices\Keyboard</Filter>
    </ClInclude>
    <ClInclude Include="Mouse.h">
      <Filter>Engine\Core\Devices\Mouse</Filter>
    </ClInclude>
    <ClInclude Include="HLGI.h">
      <Filter>Engine\Core\Graphics\High Level</Filter>
    </ClInclude>
    <ClInclude Include="Cube.h">
      <Filter>Engine\Core\Graphics\High Level\Actors\Cube</Filter>
    </ClInclude>
    <ClInclude Include="Heightmap.h">
      <Filter>Engine\Core\Graphics\High Level\Actors\Heightmap</Filter>
    </ClInclude>
    <ClInclude Include="Skybox.h">
      <Filter>Engine\Core\Graphics\High Level\Actors\Skybox</Filter>
    </ClInclude>
    <ClInclude Include="Text2D.h">
      <Filter>Engine\Core\Graphics\High Level\Actors\Text</Filter>
    </ClInclude>
    <ClInclude Include="Texture2D.h">
      <Filter>Engine\Core\Graphics\High Level\Actors\Texture</Filter>
    </ClInclude>
    <ClInclude Include="Button2D.h">
      <Filter>Engine\Core\Graphics\High Level\Actors\Button</Filter>
    </ClInclude>
    <ClInclude Include="Model.h">
      <Filter>Engine\Core\Graphics\High Level\Actors\Model</Filter>
    </ClInclude>
    <ClInclude Include="anorms.h">
      <Filter>Engine\Core\Graphics\High Level\Actors\MD2</Filter>
    </ClInclude>
    <ClInclude Include="md2Model.h">
      <Filter>Engine\Core\Graphics\High Level\Actors\MD2</Filter>
    </ClInclude>
    <ClInclude Include="ModelSet.h">
      <Filter>Engine\Core\Graphics\High Level\Actors\ModelSet</Filter>
    </ClInclude>
    <ClInclude Include="PerFragmentShader.h">
      <Filter>Engine\Core\Graphics\High Level\Shaders\PerFragmentShader</Filter>
    </ClInclude>
    <ClInclude Include="DeferredOutputShader.h">
      <Filter>Engine\Core\Graphics\High Level\Shaders\DeferredOutputShader</Filter>
    </ClInclude>
    <ClInclude Include="DeferredInputShader.h">
      <Filter>Engine\Core\Graphics\High Level\Shaders\DeferredInputShader</Filter>
    </ClInclude>
    <ClInclude Include="OrthoShader.h">
      <Filter>Engine\Core\Graphics\High Level\Shaders\OrthographicShader</Filter>
    </ClInclude>
    <ClInclude Include="Camera.h">
      <Filter>Engine\Core\Graphics\High Level\Camera</Filter>
    </ClInclude>
    <ClInclude Include="FirstPersonCamera.h">
      <Filter>Engine\Core\Graphics\High Level\Camera\First Person</Filter>
    </ClInclude>
    <ClInclude Include="DefaultCamera.h">
      <Filter>Engine\Core\Graphics\High Level\Camera\Deafult Camera</Filter>
    </ClInclude>
    <ClInclude Include="DeferredRenderer.h">
      <Filter>Engine\Core\Graphics\High Level\Renderers\Deferred</Filter>
    </ClInclude>
    <ClInclude Include="Renderer2D.h">
      <Filter>Engine\Core\Graphics\High Level\Renderers\Ortho</Filter>
    </ClInclude>
    <ClInclude Include="ForwardRenderer.h">
      <Filter>Engine\Core\Graphics\High Level\Renderers\Forward</Filter>
    </ClInclude>
    <ClInclude Include="Lights.h">
      <Filter>Engine\Core\Graphics\High Level\Lights</Filter>
    </ClInclude>
    <ClInclude Include="DirectionalLight.h">
      <Filter>Engine\Core\Graphics\High Level\Lights\Directional</Filter>
    </ClInclude>
    <ClInclude Include="PointLight.h">
      <Filter>Engine\Core\Graphics\High Level\Lights\Point</Filter>
    </ClInclude>
    <ClInclude Include="SpotLight.h">
      <Filter>Engine\Core\Graphics\High Level\Lights\Spot</Filter>
    </ClInclude>
    <ClInclude Include="GPU.h">
      <Filter>Engine\Core\Graphics\Low Level</Filter>
    </ClInclude>
    <ClInclude Include="GPU_Sampler.h">
      <Filter>Engine\Core\Graphics\Low Level\Sampler</Filter>
    </ClInclude>
    <ClInclude Include="GPU_Program.h">
      <Filter>Engine\Core\Graphics\Low Level\Program</Filter>
    </ClInclude>
    <ClInclude Include="GPU_Transfer.h">
      <Filter>Engine\Core\Graphics\Low Level\Transfer</Filter>
    </ClInclude>
    <ClInclude Include="GeometryBuffer.h">
      <Filter>Engine\Core\Graphics\Low Level\Geometry Buffer</Filter>
    </ClInclude>
    <ClInclude Include="GPU_Matrices.h">
      <Filter>Engine\Core\Graphics\Low Level\Matrices</Filter>
    </ClInclude>
    <ClInclude Include="AssetManager.h">
      <Filter>Engine\Core\Loading</Filter>
    </ClInclude>
    <ClInclude Include="TextureAsset.h">
      <Filter>Engine\Core\Loading\Asset\Texture</Filter>
    </ClInclude>
    <ClInclude Include="FontAsset.h">
      <Filter>Engine\Core\Loading\Asset\Font</Filter>
    </ClInclude>
    <ClInclude Include="ModelFile.h">
      <Filter>Engine\Core\Loading\Asset\Model</Filter>
    </ClInclude>
    <ClInclude Include="AudioFile.h">
      <Filter>Engine\Core\Loading\Asset\Audio</Filter>
    </ClInclude>
    <ClInclude Include="LocalAssetManager.h">
      <Filter>Engine\Core\Loading\Local</Filter>
    </ClInclude>
    <ClInclude Include="Media.h">
      <Filter>Engine\Core\Media</Filter>
    </ClInclude>
    <ClInclude Include="Music.h">
      <Filter>Engine\Core\Media\Music</Filter>
    </ClInclude>
    <ClInclude Include="Video.h">
      <Filter>Engine\Core\Media\Video</Filter>
    </ClInclude>
    <ClInclude Include="Window.h">
      <Filter>Engine\Core\OS\Window</Filter>
    </ClInclude>
    <ClInclude Include="HighPrecisionTimer.h">
      <Filter>Engine\Core\OS\Timer</Filter>
    </ClInclude>
    <ClInclude Include="World.h">
      <Filter>Engine\Core\Physics</Filter>
    </ClInclude>
    <ClInclude Include="SolidBox.h">
      <Filter>Engine\Core\Physics\SolidBox</Filter>
    </ClInclude>
    <ClInclude Include="SolidCylinder.h">
      <Filter>Engine\Core\Physics\SolidCylinder</Filter>
    </ClInclude>
    <ClInclude Include="EngineLayer.h">
      <Filter>Engine\Core</Filter>
    </ClInclude>
  </ItemGroup>
  <ItemGroup>
    <ResourceCompile Include="Application.rc" />
  </ItemGroup>
  <ItemGroup>
    <Image Include="icon.ico" />
  </ItemGroup>
</Project>